
Microsoft Visual Studio Solution File, Format Version 12.00
# Visual Studio Version 16
VisualStudioVersion = 16.0.34031.81
MinimumVisualStudioVersion = 10.0.40219.1
Project("{FAE04EC0-301F-11D3-BF4B-00C04F79EFBC}") = "TcKimlikDogrulamaWC", "TcKimlikDogrulamaWC.csproj", "{5FA2FE5A-887B-4384-B427-546410E1CD99}"
EndProject
Global
	GlobalSection(SolutionConfigurationPlatforms) = preSolution
		Debug|Any CPU = Debug|Any CPU
		Release|Any CPU = Release|Any CPU
	EndGlobalSection
	GlobalSection(ProjectConfigurationPlatforms) = postSolution
		{5FA2FE5A-887B-4384-B427-546410E1CD99}.Debug|Any CPU.ActiveCfg = Debug|Any CPU
		{5FA2FE5A-887B-4384-B427-546410E1CD99}.Debug|Any CPU.Build.0 = Debug|Any CPU
		{5FA2FE5A-887B-4384-B427-546410E1CD99}.Release|Any CPU.ActiveCfg = Release|Any CPU
		{5FA2FE5A-887B-4384-B427-546410E1CD99}.Release|Any CPU.Build.0 = Release|Any CPU
	EndGlobalSection
	GlobalSection(SolutionProperties) = preSolution
		HideSolutionNode = FALSE
	EndGlobalSection
	GlobalSection(ExtensibilityGlobals) = postSolution
		SolutionGuid = {F8B6ED64-5543-49C6-92B0-A29F4F6332C5}
	EndGlobalSection
EndGlobal
